PODS:
  - FBSnapshotTestCase (2.1.2):
    - FBSnapshotTestCase/SwiftSupport (= 2.1.2)
  - FBSnapshotTestCase/Core (2.1.2)
  - FBSnapshotTestCase/SwiftSupport (2.1.2):
    - FBSnapshotTestCase/Core
  - JPFPSStatus (0.1)
  - SPAsyncVideoView (0.1.0)

DEPENDENCIES:
  - FBSnapshotTestCase
  - JPFPSStatus (~> 0.1)
  - SPAsyncVideoView (from `../`)

EXTERNAL SOURCES:
  SPAsyncVideoView:
    :path: "../"

SPEC CHECKSUMS:
  FBSnapshotTestCase: 918c55861356ee83aee7843d759f55a18ff6982b
  JPFPSStatus: 4467a17488382e4c1700bd9d18c92ae581fd6305
  SPAsyncVideoView: 20bb54e6a7aea0e12c7de82c8e18fef9dfe5d788

PODFILE CHECKSUM: 559625d8eefffb2c112a5c5176f53d2e21fd6d64

COCOAPODS: 1.0.1
